
Microsoft Visual Studio Solution File, Format Version 12.00
# Visual Studio Version 16
VisualStudioVersion = 16.0.30002.166
MinimumVisualStudioVersion = 10.0.40219.1
Project("{FAE04EC0-301F-11D3-BF4B-00C04F79EFBC}") = "Circuits_TomP", "DP1_Circuits\Circuits_TomP.csproj", "{AF096937-E2CF-43DE-BFAB-5636860FE867}"
EndProject
Project("{9A19103F-16F7-4668-BE54-9A1E7A4F7556}") = "Circuits.Models", "Circuits.Models\Circuits.Models.csproj", "{A7513BBC-8744-4BE0-9DF5-9390E0956BC7}"
EndProject
Project("{FAE04EC0-301F-11D3-BF4B-00C04F79EFBC}") = "Circuits.logger", "Circuits.logger\Circuits.logger.csproj", "{BAA9476E-9EC5-4E97-B9E4-341CBB335E9C}"
EndProject
Global
	GlobalSection(SolutionConfigurationPlatforms) = preSolution
		Debug|Any CPU = Debug|Any CPU
		Debug|x64 = Debug|x64
		Debug|x86 = Debug|x86
		Release|Any CPU = Release|Any CPU
		Release|x64 = Release|x64
		Release|x86 = Release|x86
	EndGlobalSection
	GlobalSection(ProjectConfigurationPlatforms) = postSolution
		{AF096937-E2CF-43DE-BFAB-5636860FE867}.Debug|Any CPU.ActiveCfg = Debug|Any CPU
		{AF096937-E2CF-43DE-BFAB-5636860FE867}.Debug|Any CPU.Build.0 = Debug|Any CPU
		{AF096937-E2CF-43DE-BFAB-5636860FE867}.Debug|x64.ActiveCfg = Debug|Any CPU
		{AF096937-E2CF-43DE-BFAB-5636860FE867}.Debug|x64.Build.0 = Debug|Any CPU
		{AF096937-E2CF-43DE-BFAB-5636860FE867}.Debug|x86.ActiveCfg = Debug|Any CPU
		{AF096937-E2CF-43DE-BFAB-5636860FE867}.Debug|x86.Build.0 = Debug|Any CPU
		{AF096937-E2CF-43DE-BFAB-5636860FE867}.Release|Any CPU.ActiveCfg = Release|Any CPU
		{AF096937-E2CF-43DE-BFAB-5636860FE867}.Release|Any CPU.Build.0 = Release|Any CPU
		{AF096937-E2CF-43DE-BFAB-5636860FE867}.Release|x64.ActiveCfg = Release|Any CPU
		{AF096937-E2CF-43DE-BFAB-5636860FE867}.Release|x64.Build.0 = Release|Any CPU
		{AF096937-E2CF-43DE-BFAB-5636860FE867}.Release|x86.ActiveCfg = Release|Any CPU
		{AF096937-E2CF-43DE-BFAB-5636860FE867}.Release|x86.Build.0 = Release|Any CPU
		{A7513BBC-8744-4BE0-9DF5-9390E0956BC7}.Debug|Any CPU.ActiveCfg = Debug|Any CPU
		{A7513BBC-8744-4BE0-9DF5-9390E0956BC7}.Debug|Any CPU.Build.0 = Debug|Any CPU
		{A7513BBC-8744-4BE0-9DF5-9390E0956BC7}.Debug|x64.ActiveCfg = Debug|Any CPU
		{A7513BBC-8744-4BE0-9DF5-9390E0956BC7}.Debug|x64.Build.0 = Debug|Any CPU
		{A7513BBC-8744-4BE0-9DF5-9390E0956BC7}.Debug|x86.ActiveCfg = Debug|Any CPU
		{A7513BBC-8744-4BE0-9DF5-9390E0956BC7}.Debug|x86.Build.0 = Debug|Any CPU
		{A7513BBC-8744-4BE0-9DF5-9390E0956BC7}.Release|Any CPU.ActiveCfg = Release|Any CPU
		{A7513BBC-8744-4BE0-9DF5-9390E0956BC7}.Release|Any CPU.Build.0 = Release|Any CPU
		{A7513BBC-8744-4BE0-9DF5-9390E0956BC7}.Release|x64.ActiveCfg = Release|Any CPU
		{A7513BBC-8744-4BE0-9DF5-9390E0956BC7}.Release|x64.Build.0 = Release|Any CPU
		{A7513BBC-8744-4BE0-9DF5-9390E0956BC7}.Release|x86.ActiveCfg = Release|Any CPU
		{A7513BBC-8744-4BE0-9DF5-9390E0956BC7}.Release|x86.Build.0 = Release|Any CPU
		{BAA9476E-9EC5-4E97-B9E4-341CBB335E9C}.Debug|Any CPU.ActiveCfg = Debug|Any CPU
		{BAA9476E-9EC5-4E97-B9E4-341CBB335E9C}.Debug|Any CPU.Build.0 = Debug|Any CPU
		{BAA9476E-9EC5-4E97-B9E4-341CBB335E9C}.Debug|x64.ActiveCfg = Debug|Any CPU
		{BAA9476E-9EC5-4E97-B9E4-341CBB335E9C}.Debug|x64.Build.0 = Debug|Any CPU
		{BAA9476E-9EC5-4E97-B9E4-341CBB335E9C}.Debug|x86.ActiveCfg = Debug|Any CPU
		{BAA9476E-9EC5-4E97-B9E4-341CBB335E9C}.Debug|x86.Build.0 = Debug|Any CPU
		{BAA9476E-9EC5-4E97-B9E4-341CBB335E9C}.Release|Any CPU.ActiveCfg = Release|Any CPU
		{BAA9476E-9EC5-4E97-B9E4-341CBB335E9C}.Release|Any CPU.Build.0 = Release|Any CPU
		{BAA9476E-9EC5-4E97-B9E4-341CBB335E9C}.Release|x64.ActiveCfg = Release|Any CPU
		{BAA9476E-9EC5-4E97-B9E4-341CBB335E9C}.Release|x64.Build.0 = Release|Any CPU
		{BAA9476E-9EC5-4E97-B9E4-341CBB335E9C}.Release|x86.ActiveCfg = Release|Any CPU
		{BAA9476E-9EC5-4E97-B9E4-341CBB335E9C}.Release|x86.Build.0 = Release|Any CPU
	EndGlobalSection
	GlobalSection(SolutionProperties) = preSolution
		HideSolutionNode = FALSE
	EndGlobalSection
	GlobalSection(ExtensibilityGlobals) = postSolution
		SolutionGuid = {21370E79-1602-4EB9-A7EE-F4E5D7AD0FE7}
	EndGlobalSection
EndGlobal
